
Microsoft Visual Studio Solution File, Format Version 9.00
# Visual Studio 2005
Project("{FAE04EC0-301F-11D3-BF4B-00C04F79EFBC}") = "FileTransferExample", "FileTransferExample\FileTransferExample.csproj", "{BB24E581-61CF-4E1C-83C0-E043F64BDBD2}"
EndProject
Project("{FAE04EC0-301F-11D3-BF4B-00C04F79EFBC}") = "Lidgren.Library.Network", "..\Lidgren.Library.Network\Lidgren.Library.Network.csproj", "{D4592CBE-B347-4770-989A-D6FA47C5B191}"
EndProject
Project("{FAE04EC0-301F-11D3-BF4B-00C04F79EFBC}") = "FileTransferSender", "FileTransferSender\FileTransferSender.csproj", "{8BCF5F48-EF15-436B-B013-98E985413F17}"
EndProject
Global
	GlobalSection(SolutionConfigurationPlatforms) = preSolution
		Debug|Any CPU = Debug|Any CPU
		Release|Any CPU = Release|Any CPU
	EndGlobalSection
	GlobalSection(ProjectConfigurationPlatforms) = postSolution
		{BB24E581-61CF-4E1C-83C0-E043F64BDBD2}.Debug|Any CPU.ActiveCfg = Debug|Any CPU
		{BB24E581-61CF-4E1C-83C0-E043F64BDBD2}.Debug|Any CPU.Build.0 = Debug|Any CPU
		{BB24E581-61CF-4E1C-83C0-E043F64BDBD2}.Release|Any CPU.ActiveCfg = Release|Any CPU
		{BB24E581-61CF-4E1C-83C0-E043F64BDBD2}.Release|Any CPU.Build.0 = Release|Any CPU
		{D4592CBE-B347-4770-989A-D6FA47C5B191}.Debug|Any CPU.ActiveCfg = Debug|Any CPU
		{D4592CBE-B347-4770-989A-D6FA47C5B191}.Debug|Any CPU.Build.0 = Debug|Any CPU
		{D4592CBE-B347-4770-989A-D6FA47C5B191}.Release|Any CPU.ActiveCfg = Release|Any CPU
		{D4592CBE-B347-4770-989A-D6FA47C5B191}.Release|Any CPU.Build.0 = Release|Any CPU
		{8BCF5F48-EF15-436B-B013-98E985413F17}.Debug|Any CPU.ActiveCfg = Debug|Any CPU
		{8BCF5F48-EF15-436B-B013-98E985413F17}.Debug|Any CPU.Build.0 = Debug|Any CPU
		{8BCF5F48-EF15-436B-B013-98E985413F17}.Release|Any CPU.ActiveCfg = Release|Any CPU
		{8BCF5F48-EF15-436B-B013-98E985413F17}.Release|Any CPU.Build.0 = Release|Any CPU
	EndGlobalSection
	GlobalSection(SolutionProperties) = preSolution
		HideSolutionNode = FALSE
	EndGlobalSection
EndGlobal
