
Microsoft Visual Studio Solution File, Format Version 9.00
# Visual Studio 2005
Project("{FAE04EC0-301F-11D3-BF4B-00C04F79EFBC}") = "Lidgren.Library.Network", "Lidgren.Library.Network\Lidgren.Library.Network.csproj", "{D4592CBE-B347-4770-989A-D6FA47C5B191}"
EndProject
Project("{FAE04EC0-301F-11D3-BF4B-00C04F79EFBC}") = "GenerateEncryptionKeys", "GenerateEncryptionKeys\GenerateEncryptionKeys.csproj", "{A73EEAFF-54CE-40A3-B196-62889A27C717}"
EndProject
Project("{FAE04EC0-301F-11D3-BF4B-00C04F79EFBC}") = "UnitTests", "UnitTests\UnitTests.csproj", "{C206F1F7-52B8-4183-8CF7-64DD01C46849}"
EndProject
Global
	GlobalSection(SolutionConfigurationPlatforms) = preSolution
		Debug|Any CPU = Debug|Any CPU
		Release|Any CPU = Release|Any CPU
	EndGlobalSection
	GlobalSection(ProjectConfigurationPlatforms) = postSolution
		{D4592CBE-B347-4770-989A-D6FA47C5B191}.Debug|Any CPU.ActiveCfg = Debug|Any CPU
		{D4592CBE-B347-4770-989A-D6FA47C5B191}.Debug|Any CPU.Build.0 = Debug|Any CPU
		{D4592CBE-B347-4770-989A-D6FA47C5B191}.Release|Any CPU.ActiveCfg = Release|Any CPU
		{D4592CBE-B347-4770-989A-D6FA47C5B191}.Release|Any CPU.Build.0 = Release|Any CPU
		{A73EEAFF-54CE-40A3-B196-62889A27C717}.Debug|Any CPU.ActiveCfg = Debug|Any CPU
		{A73EEAFF-54CE-40A3-B196-62889A27C717}.Debug|Any CPU.Build.0 = Debug|Any CPU
		{A73EEAFF-54CE-40A3-B196-62889A27C717}.Release|Any CPU.ActiveCfg = Release|Any CPU
		{A73EEAFF-54CE-40A3-B196-62889A27C717}.Release|Any CPU.Build.0 = Release|Any CPU
		{C206F1F7-52B8-4183-8CF7-64DD01C46849}.Debug|Any CPU.ActiveCfg = Debug|Any CPU
		{C206F1F7-52B8-4183-8CF7-64DD01C46849}.Debug|Any CPU.Build.0 = Debug|Any CPU
		{C206F1F7-52B8-4183-8CF7-64DD01C46849}.Release|Any CPU.ActiveCfg = Release|Any CPU
		{C206F1F7-52B8-4183-8CF7-64DD01C46849}.Release|Any CPU.Build.0 = Release|Any CPU
	EndGlobalSection
	GlobalSection(SolutionProperties) = preSolution
		HideSolutionNode = FALSE
	EndGlobalSection
EndGlobal
