
Microsoft Visual Studio Solution File, Format Version 9.00
# Visual Studio 2005
Project("{FAE04EC0-301F-11D3-BF4B-00C04F79EFBC}") = "Lidgren.Library.Network.Xna", "Lidgren.Library.Network.Xna\Lidgren.Library.Network.Xna.csproj", "{E03FD761-5590-4A14-93FB-90F68D48C4AB}"
EndProject
Project("{FAE04EC0-301F-11D3-BF4B-00C04F79EFBC}") = "Lidgren.Library.Network", "..\Lidgren.Library.Network\Lidgren.Library.Network.csproj", "{D4592CBE-B347-4770-989A-D6FA47C5B191}"
EndProject
Project("{FAE04EC0-301F-11D3-BF4B-00C04F79EFBC}") = "UnitTests", "UnitTests\UnitTests.csproj", "{B04DA402-28A1-453A-8A7C-813EE51A1C4B}"
EndProject
Global
	GlobalSection(SolutionConfigurationPlatforms) = preSolution
		Debug|Any CPU = Debug|Any CPU
		Debug|x86 = Debug|x86
		Release|Any CPU = Release|Any CPU
		Release|x86 = Release|x86
	EndGlobalSection
	GlobalSection(ProjectConfigurationPlatforms) = postSolution
		{E03FD761-5590-4A14-93FB-90F68D48C4AB}.Debug|Any CPU.ActiveCfg = Debug|Any CPU
		{E03FD761-5590-4A14-93FB-90F68D48C4AB}.Debug|Any CPU.Build.0 = Debug|Any CPU
		{E03FD761-5590-4A14-93FB-90F68D48C4AB}.Debug|x86.ActiveCfg = Debug|x86
		{E03FD761-5590-4A14-93FB-90F68D48C4AB}.Debug|x86.Build.0 = Debug|x86
		{E03FD761-5590-4A14-93FB-90F68D48C4AB}.Release|Any CPU.ActiveCfg = Release|Any CPU
		{E03FD761-5590-4A14-93FB-90F68D48C4AB}.Release|Any CPU.Build.0 = Release|Any CPU
		{E03FD761-5590-4A14-93FB-90F68D48C4AB}.Release|x86.ActiveCfg = Release|x86
		{E03FD761-5590-4A14-93FB-90F68D48C4AB}.Release|x86.Build.0 = Release|x86
		{D4592CBE-B347-4770-989A-D6FA47C5B191}.Debug|Any CPU.ActiveCfg = Debug|Any CPU
		{D4592CBE-B347-4770-989A-D6FA47C5B191}.Debug|Any CPU.Build.0 = Debug|Any CPU
		{D4592CBE-B347-4770-989A-D6FA47C5B191}.Debug|x86.ActiveCfg = Debug|x86
		{D4592CBE-B347-4770-989A-D6FA47C5B191}.Debug|x86.Build.0 = Debug|x86
		{D4592CBE-B347-4770-989A-D6FA47C5B191}.Release|Any CPU.ActiveCfg = Release|Any CPU
		{D4592CBE-B347-4770-989A-D6FA47C5B191}.Release|Any CPU.Build.0 = Release|Any CPU
		{D4592CBE-B347-4770-989A-D6FA47C5B191}.Release|x86.ActiveCfg = Release|x86
		{D4592CBE-B347-4770-989A-D6FA47C5B191}.Release|x86.Build.0 = Release|x86
		{B04DA402-28A1-453A-8A7C-813EE51A1C4B}.Debug|Any CPU.ActiveCfg = Debug|Any CPU
		{B04DA402-28A1-453A-8A7C-813EE51A1C4B}.Debug|Any CPU.Build.0 = Debug|Any CPU
		{B04DA402-28A1-453A-8A7C-813EE51A1C4B}.Debug|x86.ActiveCfg = Debug|x86
		{B04DA402-28A1-453A-8A7C-813EE51A1C4B}.Debug|x86.Build.0 = Debug|x86
		{B04DA402-28A1-453A-8A7C-813EE51A1C4B}.Release|Any CPU.ActiveCfg = Release|Any CPU
		{B04DA402-28A1-453A-8A7C-813EE51A1C4B}.Release|Any CPU.Build.0 = Release|Any CPU
		{B04DA402-28A1-453A-8A7C-813EE51A1C4B}.Release|x86.ActiveCfg = Release|x86
		{B04DA402-28A1-453A-8A7C-813EE51A1C4B}.Release|x86.Build.0 = Release|x86
	EndGlobalSection
	GlobalSection(SolutionProperties) = preSolution
		HideSolutionNode = FALSE
	EndGlobalSection
EndGlobal
