
Microsoft Visual Studio Solution File, Format Version 11.00
# Visual Studio 2010
Project("{FAE04EC0-301F-11D3-BF4B-00C04F79EFBC}") = "Spacewar2006", "Spacewar2006.csproj", "{A1E976C6-632B-4E48-93B0-E051D6785C93}"
EndProject
Project("{FAE04EC0-301F-11D3-BF4B-00C04F79EFBC}") = "Cheetah", "..\Cheetah\Cheetah.csproj", "{4631EB9F-BE01-4453-8BFC-E3BE51783316}"
EndProject
Project("{FAE04EC0-301F-11D3-BF4B-00C04F79EFBC}") = "Spacewar2006.Maps", "..\Spacewar2006.Maps\Spacewar2006.Maps.csproj", "{043D9999-E1E9-4E80-B398-E790B024DBCB}"
EndProject
Project("{FAE04EC0-301F-11D3-BF4B-00C04F79EFBC}") = "csogg", "..\csvorbis\csogg\csogg.csproj", "{FA4ACE8B-CDEE-41A3-92D7-C73069B84B83}"
EndProject
Project("{FAE04EC0-301F-11D3-BF4B-00C04F79EFBC}") = "Lidgren.Network", "..\lidgren-network-gen3\Lidgren.Network\Lidgren.Network.csproj", "{FA245447-5F23-4AA1-BD5F-8D2DDF33CFBD}"
EndProject
Project("{FAE04EC0-301F-11D3-BF4B-00C04F79EFBC}") = "JigLibOpenTK", "..\JigLibOpenTK\JigLibOpenTK.csproj", "{E6B7216F-92D8-4FAC-882A-351C4AF09B74}"
EndProject
Project("{FAE04EC0-301F-11D3-BF4B-00C04F79EFBC}") = "PhysicsTest", "..\PhysicsTest\PhysicsTest.csproj", "{E6913201-5368-4DBE-BA3C-E27CA86D0C2E}"
EndProject
Project("{FAE04EC0-301F-11D3-BF4B-00C04F79EFBC}") = "TerrainPhysics", "..\TerrainPhysics\TerrainPhysics.csproj", "{86C9FD7E-BCD0-428C-AFEC-D6F5A53C2F84}"
EndProject
Global
	GlobalSection(SolutionConfigurationPlatforms) = preSolution
		Debug|Any CPU = Debug|Any CPU
		Debug|Mixed Platforms = Debug|Mixed Platforms
		Debug|x86 = Debug|x86
		Release|Any CPU = Release|Any CPU
		Release|Mixed Platforms = Release|Mixed Platforms
		Release|x86 = Release|x86
		ReleaseWithStatistics|Any CPU = ReleaseWithStatistics|Any CPU
		ReleaseWithStatistics|Mixed Platforms = ReleaseWithStatistics|Mixed Platforms
		ReleaseWithStatistics|x86 = ReleaseWithStatistics|x86
	EndGlobalSection
	GlobalSection(ProjectConfigurationPlatforms) = postSolution
		{A1E976C6-632B-4E48-93B0-E051D6785C93}.Debug|Any CPU.ActiveCfg = Debug|Any CPU
		{A1E976C6-632B-4E48-93B0-E051D6785C93}.Debug|Any CPU.Build.0 = Debug|Any CPU
		{A1E976C6-632B-4E48-93B0-E051D6785C93}.Debug|Mixed Platforms.ActiveCfg = Debug|Any CPU
		{A1E976C6-632B-4E48-93B0-E051D6785C93}.Debug|Mixed Platforms.Build.0 = Debug|Any CPU
		{A1E976C6-632B-4E48-93B0-E051D6785C93}.Debug|x86.ActiveCfg = Debug|Any CPU
		{A1E976C6-632B-4E48-93B0-E051D6785C93}.Release|Any CPU.ActiveCfg = Release|Any CPU
		{A1E976C6-632B-4E48-93B0-E051D6785C93}.Release|Any CPU.Build.0 = Release|Any CPU
		{A1E976C6-632B-4E48-93B0-E051D6785C93}.Release|Mixed Platforms.ActiveCfg = Release|Any CPU
		{A1E976C6-632B-4E48-93B0-E051D6785C93}.Release|Mixed Platforms.Build.0 = Release|Any CPU
		{A1E976C6-632B-4E48-93B0-E051D6785C93}.Release|x86.ActiveCfg = Release|Any CPU
		{A1E976C6-632B-4E48-93B0-E051D6785C93}.ReleaseWithStatistics|Any CPU.ActiveCfg = Release|Any CPU
		{A1E976C6-632B-4E48-93B0-E051D6785C93}.ReleaseWithStatistics|Any CPU.Build.0 = Release|Any CPU
		{A1E976C6-632B-4E48-93B0-E051D6785C93}.ReleaseWithStatistics|Mixed Platforms.ActiveCfg = Release|Any CPU
		{A1E976C6-632B-4E48-93B0-E051D6785C93}.ReleaseWithStatistics|Mixed Platforms.Build.0 = Release|Any CPU
		{A1E976C6-632B-4E48-93B0-E051D6785C93}.ReleaseWithStatistics|x86.ActiveCfg = Release|Any CPU
		{4631EB9F-BE01-4453-8BFC-E3BE51783316}.Debug|Any CPU.ActiveCfg = Debug|Any CPU
		{4631EB9F-BE01-4453-8BFC-E3BE51783316}.Debug|Any CPU.Build.0 = Debug|Any CPU
		{4631EB9F-BE01-4453-8BFC-E3BE51783316}.Debug|Mixed Platforms.ActiveCfg = Debug|Any CPU
		{4631EB9F-BE01-4453-8BFC-E3BE51783316}.Debug|Mixed Platforms.Build.0 = Debug|Any CPU
		{4631EB9F-BE01-4453-8BFC-E3BE51783316}.Debug|x86.ActiveCfg = Debug|Any CPU
		{4631EB9F-BE01-4453-8BFC-E3BE51783316}.Release|Any CPU.ActiveCfg = Release|Any CPU
		{4631EB9F-BE01-4453-8BFC-E3BE51783316}.Release|Any CPU.Build.0 = Release|Any CPU
		{4631EB9F-BE01-4453-8BFC-E3BE51783316}.Release|Mixed Platforms.ActiveCfg = Release|Any CPU
		{4631EB9F-BE01-4453-8BFC-E3BE51783316}.Release|Mixed Platforms.Build.0 = Release|Any CPU
		{4631EB9F-BE01-4453-8BFC-E3BE51783316}.Release|x86.ActiveCfg = Release|Any CPU
		{4631EB9F-BE01-4453-8BFC-E3BE51783316}.ReleaseWithStatistics|Any CPU.ActiveCfg = Release|Any CPU
		{4631EB9F-BE01-4453-8BFC-E3BE51783316}.ReleaseWithStatistics|Any CPU.Build.0 = Release|Any CPU
		{4631EB9F-BE01-4453-8BFC-E3BE51783316}.ReleaseWithStatistics|Mixed Platforms.ActiveCfg = Release|Any CPU
		{4631EB9F-BE01-4453-8BFC-E3BE51783316}.ReleaseWithStatistics|Mixed Platforms.Build.0 = Release|Any CPU
		{4631EB9F-BE01-4453-8BFC-E3BE51783316}.ReleaseWithStatistics|x86.ActiveCfg = Release|Any CPU
		{043D9999-E1E9-4E80-B398-E790B024DBCB}.Debug|Any CPU.ActiveCfg = Debug|Any CPU
		{043D9999-E1E9-4E80-B398-E790B024DBCB}.Debug|Any CPU.Build.0 = Debug|Any CPU
		{043D9999-E1E9-4E80-B398-E790B024DBCB}.Debug|Mixed Platforms.ActiveCfg = Debug|Any CPU
		{043D9999-E1E9-4E80-B398-E790B024DBCB}.Debug|Mixed Platforms.Build.0 = Debug|Any CPU
		{043D9999-E1E9-4E80-B398-E790B024DBCB}.Debug|x86.ActiveCfg = Debug|Any CPU
		{043D9999-E1E9-4E80-B398-E790B024DBCB}.Release|Any CPU.ActiveCfg = Release|Any CPU
		{043D9999-E1E9-4E80-B398-E790B024DBCB}.Release|Any CPU.Build.0 = Release|Any CPU
		{043D9999-E1E9-4E80-B398-E790B024DBCB}.Release|Mixed Platforms.ActiveCfg = Release|Any CPU
		{043D9999-E1E9-4E80-B398-E790B024DBCB}.Release|Mixed Platforms.Build.0 = Release|Any CPU
		{043D9999-E1E9-4E80-B398-E790B024DBCB}.Release|x86.ActiveCfg = Release|Any CPU
		{043D9999-E1E9-4E80-B398-E790B024DBCB}.ReleaseWithStatistics|Any CPU.ActiveCfg = Release|Any CPU
		{043D9999-E1E9-4E80-B398-E790B024DBCB}.ReleaseWithStatistics|Any CPU.Build.0 = Release|Any CPU
		{043D9999-E1E9-4E80-B398-E790B024DBCB}.ReleaseWithStatistics|Mixed Platforms.ActiveCfg = Release|Any CPU
		{043D9999-E1E9-4E80-B398-E790B024DBCB}.ReleaseWithStatistics|Mixed Platforms.Build.0 = Release|Any CPU
		{043D9999-E1E9-4E80-B398-E790B024DBCB}.ReleaseWithStatistics|x86.ActiveCfg = Release|Any CPU
		{FA4ACE8B-CDEE-41A3-92D7-C73069B84B83}.Debug|Any CPU.ActiveCfg = Debug|Any CPU
		{FA4ACE8B-CDEE-41A3-92D7-C73069B84B83}.Debug|Any CPU.Build.0 = Debug|Any CPU
		{FA4ACE8B-CDEE-41A3-92D7-C73069B84B83}.Debug|Mixed Platforms.ActiveCfg = Debug|Any CPU
		{FA4ACE8B-CDEE-41A3-92D7-C73069B84B83}.Debug|Mixed Platforms.Build.0 = Debug|Any CPU
		{FA4ACE8B-CDEE-41A3-92D7-C73069B84B83}.Debug|x86.ActiveCfg = Debug|Any CPU
		{FA4ACE8B-CDEE-41A3-92D7-C73069B84B83}.Release|Any CPU.ActiveCfg = Release|Any CPU
		{FA4ACE8B-CDEE-41A3-92D7-C73069B84B83}.Release|Any CPU.Build.0 = Release|Any CPU
		{FA4ACE8B-CDEE-41A3-92D7-C73069B84B83}.Release|Mixed Platforms.ActiveCfg = Release|Any CPU
		{FA4ACE8B-CDEE-41A3-92D7-C73069B84B83}.Release|Mixed Platforms.Build.0 = Release|Any CPU
		{FA4ACE8B-CDEE-41A3-92D7-C73069B84B83}.Release|x86.ActiveCfg = Release|Any CPU
		{FA4ACE8B-CDEE-41A3-92D7-C73069B84B83}.ReleaseWithStatistics|Any CPU.ActiveCfg = Release|Any CPU
		{FA4ACE8B-CDEE-41A3-92D7-C73069B84B83}.ReleaseWithStatistics|Any CPU.Build.0 = Release|Any CPU
		{FA4ACE8B-CDEE-41A3-92D7-C73069B84B83}.ReleaseWithStatistics|Mixed Platforms.ActiveCfg = Release|Any CPU
		{FA4ACE8B-CDEE-41A3-92D7-C73069B84B83}.ReleaseWithStatistics|Mixed Platforms.Build.0 = Release|Any CPU
		{FA4ACE8B-CDEE-41A3-92D7-C73069B84B83}.ReleaseWithStatistics|x86.ActiveCfg = Release|Any CPU
		{FA245447-5F23-4AA1-BD5F-8D2DDF33CFBD}.Debug|Any CPU.ActiveCfg = Debug|Any CPU
		{FA245447-5F23-4AA1-BD5F-8D2DDF33CFBD}.Debug|Any CPU.Build.0 = Debug|Any CPU
		{FA245447-5F23-4AA1-BD5F-8D2DDF33CFBD}.Debug|Mixed Platforms.ActiveCfg = Debug|Any CPU
		{FA245447-5F23-4AA1-BD5F-8D2DDF33CFBD}.Debug|Mixed Platforms.Build.0 = Debug|Any CPU
		{FA245447-5F23-4AA1-BD5F-8D2DDF33CFBD}.Debug|x86.ActiveCfg = Debug|Any CPU
		{FA245447-5F23-4AA1-BD5F-8D2DDF33CFBD}.Release|Any CPU.ActiveCfg = Release|Any CPU
		{FA245447-5F23-4AA1-BD5F-8D2DDF33CFBD}.Release|Any CPU.Build.0 = Release|Any CPU
		{FA245447-5F23-4AA1-BD5F-8D2DDF33CFBD}.Release|Mixed Platforms.ActiveCfg = Release|Any CPU
		{FA245447-5F23-4AA1-BD5F-8D2DDF33CFBD}.Release|Mixed Platforms.Build.0 = Release|Any CPU
		{FA245447-5F23-4AA1-BD5F-8D2DDF33CFBD}.Release|x86.ActiveCfg = Release|Any CPU
		{FA245447-5F23-4AA1-BD5F-8D2DDF33CFBD}.ReleaseWithStatistics|Any CPU.ActiveCfg = Release|Any CPU
		{FA245447-5F23-4AA1-BD5F-8D2DDF33CFBD}.ReleaseWithStatistics|Any CPU.Build.0 = Release|Any CPU
		{FA245447-5F23-4AA1-BD5F-8D2DDF33CFBD}.ReleaseWithStatistics|Mixed Platforms.ActiveCfg = Release|Any CPU
		{FA245447-5F23-4AA1-BD5F-8D2DDF33CFBD}.ReleaseWithStatistics|Mixed Platforms.Build.0 = Release|Any CPU
		{FA245447-5F23-4AA1-BD5F-8D2DDF33CFBD}.ReleaseWithStatistics|x86.ActiveCfg = Release|Any CPU
		{E6B7216F-92D8-4FAC-882A-351C4AF09B74}.Debug|Any CPU.ActiveCfg = Debug|Any CPU
		{E6B7216F-92D8-4FAC-882A-351C4AF09B74}.Debug|Any CPU.Build.0 = Debug|Any CPU
		{E6B7216F-92D8-4FAC-882A-351C4AF09B74}.Debug|Mixed Platforms.ActiveCfg = Debug|Any CPU
		{E6B7216F-92D8-4FAC-882A-351C4AF09B74}.Debug|Mixed Platforms.Build.0 = Debug|Any CPU
		{E6B7216F-92D8-4FAC-882A-351C4AF09B74}.Debug|x86.ActiveCfg = Debug|Any CPU
		{E6B7216F-92D8-4FAC-882A-351C4AF09B74}.Release|Any CPU.ActiveCfg = Release|Any CPU
		{E6B7216F-92D8-4FAC-882A-351C4AF09B74}.Release|Any CPU.Build.0 = Release|Any CPU
		{E6B7216F-92D8-4FAC-882A-351C4AF09B74}.Release|Mixed Platforms.ActiveCfg = Release|Any CPU
		{E6B7216F-92D8-4FAC-882A-351C4AF09B74}.Release|Mixed Platforms.Build.0 = Release|Any CPU
		{E6B7216F-92D8-4FAC-882A-351C4AF09B74}.Release|x86.ActiveCfg = Release|Any CPU
		{E6B7216F-92D8-4FAC-882A-351C4AF09B74}.ReleaseWithStatistics|Any CPU.ActiveCfg = Release|Any CPU
		{E6B7216F-92D8-4FAC-882A-351C4AF09B74}.ReleaseWithStatistics|Any CPU.Build.0 = Release|Any CPU
		{E6B7216F-92D8-4FAC-882A-351C4AF09B74}.ReleaseWithStatistics|Mixed Platforms.ActiveCfg = Release|Any CPU
		{E6B7216F-92D8-4FAC-882A-351C4AF09B74}.ReleaseWithStatistics|Mixed Platforms.Build.0 = Release|Any CPU
		{E6B7216F-92D8-4FAC-882A-351C4AF09B74}.ReleaseWithStatistics|x86.ActiveCfg = Release|Any CPU
		{E6913201-5368-4DBE-BA3C-E27CA86D0C2E}.Debug|Any CPU.ActiveCfg = Debug|x86
		{E6913201-5368-4DBE-BA3C-E27CA86D0C2E}.Debug|Any CPU.Build.0 = Debug|x86
		{E6913201-5368-4DBE-BA3C-E27CA86D0C2E}.Debug|Mixed Platforms.ActiveCfg = Debug|x86
		{E6913201-5368-4DBE-BA3C-E27CA86D0C2E}.Debug|Mixed Platforms.Build.0 = Debug|x86
		{E6913201-5368-4DBE-BA3C-E27CA86D0C2E}.Debug|x86.ActiveCfg = Debug|x86
		{E6913201-5368-4DBE-BA3C-E27CA86D0C2E}.Debug|x86.Build.0 = Debug|x86
		{E6913201-5368-4DBE-BA3C-E27CA86D0C2E}.Release|Any CPU.ActiveCfg = Release|x86
		{E6913201-5368-4DBE-BA3C-E27CA86D0C2E}.Release|Any CPU.Build.0 = Release|x86
		{E6913201-5368-4DBE-BA3C-E27CA86D0C2E}.Release|Mixed Platforms.ActiveCfg = Release|x86
		{E6913201-5368-4DBE-BA3C-E27CA86D0C2E}.Release|Mixed Platforms.Build.0 = Release|x86
		{E6913201-5368-4DBE-BA3C-E27CA86D0C2E}.Release|x86.ActiveCfg = Release|x86
		{E6913201-5368-4DBE-BA3C-E27CA86D0C2E}.Release|x86.Build.0 = Release|x86
		{E6913201-5368-4DBE-BA3C-E27CA86D0C2E}.ReleaseWithStatistics|Any CPU.ActiveCfg = Release|x86
		{E6913201-5368-4DBE-BA3C-E27CA86D0C2E}.ReleaseWithStatistics|Any CPU.Build.0 = Release|x86
		{E6913201-5368-4DBE-BA3C-E27CA86D0C2E}.ReleaseWithStatistics|Mixed Platforms.ActiveCfg = Release|x86
		{E6913201-5368-4DBE-BA3C-E27CA86D0C2E}.ReleaseWithStatistics|Mixed Platforms.Build.0 = Release|x86
		{E6913201-5368-4DBE-BA3C-E27CA86D0C2E}.ReleaseWithStatistics|x86.ActiveCfg = Release|x86
		{E6913201-5368-4DBE-BA3C-E27CA86D0C2E}.ReleaseWithStatistics|x86.Build.0 = Release|x86
		{86C9FD7E-BCD0-428C-AFEC-D6F5A53C2F84}.Debug|Any CPU.ActiveCfg = Debug|x86
		{86C9FD7E-BCD0-428C-AFEC-D6F5A53C2F84}.Debug|Mixed Platforms.ActiveCfg = Debug|x86
		{86C9FD7E-BCD0-428C-AFEC-D6F5A53C2F84}.Debug|Mixed Platforms.Build.0 = Debug|x86
		{86C9FD7E-BCD0-428C-AFEC-D6F5A53C2F84}.Debug|x86.ActiveCfg = Debug|x86
		{86C9FD7E-BCD0-428C-AFEC-D6F5A53C2F84}.Debug|x86.Build.0 = Debug|x86
		{86C9FD7E-BCD0-428C-AFEC-D6F5A53C2F84}.Release|Any CPU.ActiveCfg = Release|x86
		{86C9FD7E-BCD0-428C-AFEC-D6F5A53C2F84}.Release|Mixed Platforms.ActiveCfg = Release|x86
		{86C9FD7E-BCD0-428C-AFEC-D6F5A53C2F84}.Release|Mixed Platforms.Build.0 = Release|x86
		{86C9FD7E-BCD0-428C-AFEC-D6F5A53C2F84}.Release|x86.ActiveCfg = Release|x86
		{86C9FD7E-BCD0-428C-AFEC-D6F5A53C2F84}.Release|x86.Build.0 = Release|x86
		{86C9FD7E-BCD0-428C-AFEC-D6F5A53C2F84}.ReleaseWithStatistics|Any CPU.ActiveCfg = Release|x86
		{86C9FD7E-BCD0-428C-AFEC-D6F5A53C2F84}.ReleaseWithStatistics|Mixed Platforms.ActiveCfg = Release|x86
		{86C9FD7E-BCD0-428C-AFEC-D6F5A53C2F84}.ReleaseWithStatistics|Mixed Platforms.Build.0 = Release|x86
		{86C9FD7E-BCD0-428C-AFEC-D6F5A53C2F84}.ReleaseWithStatistics|x86.ActiveCfg = Release|x86
		{86C9FD7E-BCD0-428C-AFEC-D6F5A53C2F84}.ReleaseWithStatistics|x86.Build.0 = Release|x86
	EndGlobalSection
	GlobalSection(SolutionProperties) = preSolution
		HideSolutionNode = FALSE
	EndGlobalSection
EndGlobal
