
Microsoft Visual Studio Solution File, Format Version 9.00
# Visual Studio 2005
Project("{FAE04EC0-301F-11D3-BF4B-00C04F79EFBC}") = "Lidgren.Library.Escapi", "Lidgren.Library.Escapi\Lidgren.Library.Escapi.csproj", "{72B19DDF-E237-4C2C-93BA-E01EAF850386}"
EndProject
Project("{FAE04EC0-301F-11D3-BF4B-00C04F79EFBC}") = "TestApp", "TestApp\TestApp.csproj", "{C9450410-C9A6-44D2-A6C2-D6F709D3E059}"
EndProject
Global
	GlobalSection(SolutionConfigurationPlatforms) = preSolution
		Debug|Any CPU = Debug|Any CPU
		Release|Any CPU = Release|Any CPU
	EndGlobalSection
	GlobalSection(ProjectConfigurationPlatforms) = postSolution
		{72B19DDF-E237-4C2C-93BA-E01EAF850386}.Debug|Any CPU.ActiveCfg = Debug|Any CPU
		{72B19DDF-E237-4C2C-93BA-E01EAF850386}.Debug|Any CPU.Build.0 = Debug|Any CPU
		{72B19DDF-E237-4C2C-93BA-E01EAF850386}.Release|Any CPU.ActiveCfg = Release|Any CPU
		{72B19DDF-E237-4C2C-93BA-E01EAF850386}.Release|Any CPU.Build.0 = Release|Any CPU
		{C9450410-C9A6-44D2-A6C2-D6F709D3E059}.Debug|Any CPU.ActiveCfg = Debug|Any CPU
		{C9450410-C9A6-44D2-A6C2-D6F709D3E059}.Debug|Any CPU.Build.0 = Debug|Any CPU
		{C9450410-C9A6-44D2-A6C2-D6F709D3E059}.Release|Any CPU.ActiveCfg = Release|Any CPU
		{C9450410-C9A6-44D2-A6C2-D6F709D3E059}.Release|Any CPU.Build.0 = Release|Any CPU
	EndGlobalSection
	GlobalSection(SolutionProperties) = preSolution
		HideSolutionNode = FALSE
	EndGlobalSection
EndGlobal
