
Microsoft Visual Studio Solution File, Format Version 11.00
# Visual Studio 2010
Project("{FAE04EC0-301F-11D3-BF4B-00C04F79EFBC}") = "SpacewarArena.WPF", "SpacewarArena.WPF.csproj", "{C6922709-F468-4FAE-8971-58E03AD8DCB2}"
EndProject
Project("{FAE04EC0-301F-11D3-BF4B-00C04F79EFBC}") = "Cheetah", "..\Cheetah\Cheetah.csproj", "{4631EB9F-BE01-4453-8BFC-E3BE51783316}"
EndProject
Project("{FAE04EC0-301F-11D3-BF4B-00C04F79EFBC}") = "csogg", "..\csvorbis\csogg\csogg.csproj", "{FA4ACE8B-CDEE-41A3-92D7-C73069B84B83}"
EndProject
Project("{FAE04EC0-301F-11D3-BF4B-00C04F79EFBC}") = "Lidgren.Network", "..\lidgren-network-gen3\Lidgren.Network\Lidgren.Network.csproj", "{FA245447-5F23-4AA1-BD5F-8D2DDF33CFBD}"
EndProject
Global
	GlobalSection(SolutionConfigurationPlatforms) = preSolution
		Debug|Any CPU = Debug|Any CPU
		Debug|Mixed Platforms = Debug|Mixed Platforms
		Debug|x86 = Debug|x86
		Release|Any CPU = Release|Any CPU
		Release|Mixed Platforms = Release|Mixed Platforms
		Release|x86 = Release|x86
	EndGlobalSection
	GlobalSection(ProjectConfigurationPlatforms) = postSolution
		{C6922709-F468-4FAE-8971-58E03AD8DCB2}.Debug|Any CPU.ActiveCfg = Debug|x86
		{C6922709-F468-4FAE-8971-58E03AD8DCB2}.Debug|Mixed Platforms.ActiveCfg = Debug|x86
		{C6922709-F468-4FAE-8971-58E03AD8DCB2}.Debug|Mixed Platforms.Build.0 = Debug|x86
		{C6922709-F468-4FAE-8971-58E03AD8DCB2}.Debug|x86.ActiveCfg = Debug|x86
		{C6922709-F468-4FAE-8971-58E03AD8DCB2}.Debug|x86.Build.0 = Debug|x86
		{C6922709-F468-4FAE-8971-58E03AD8DCB2}.Release|Any CPU.ActiveCfg = Release|x86
		{C6922709-F468-4FAE-8971-58E03AD8DCB2}.Release|Mixed Platforms.ActiveCfg = Release|x86
		{C6922709-F468-4FAE-8971-58E03AD8DCB2}.Release|Mixed Platforms.Build.0 = Release|x86
		{C6922709-F468-4FAE-8971-58E03AD8DCB2}.Release|x86.ActiveCfg = Release|x86
		{C6922709-F468-4FAE-8971-58E03AD8DCB2}.Release|x86.Build.0 = Release|x86
		{4631EB9F-BE01-4453-8BFC-E3BE51783316}.Debug|Any CPU.ActiveCfg = Debug|Any CPU
		{4631EB9F-BE01-4453-8BFC-E3BE51783316}.Debug|Any CPU.Build.0 = Debug|Any CPU
		{4631EB9F-BE01-4453-8BFC-E3BE51783316}.Debug|Mixed Platforms.ActiveCfg = Debug|Any CPU
		{4631EB9F-BE01-4453-8BFC-E3BE51783316}.Debug|Mixed Platforms.Build.0 = Debug|Any CPU
		{4631EB9F-BE01-4453-8BFC-E3BE51783316}.Debug|x86.ActiveCfg = Debug|Any CPU
		{4631EB9F-BE01-4453-8BFC-E3BE51783316}.Release|Any CPU.ActiveCfg = Release|Any CPU
		{4631EB9F-BE01-4453-8BFC-E3BE51783316}.Release|Any CPU.Build.0 = Release|Any CPU
		{4631EB9F-BE01-4453-8BFC-E3BE51783316}.Release|Mixed Platforms.ActiveCfg = Release|Any CPU
		{4631EB9F-BE01-4453-8BFC-E3BE51783316}.Release|Mixed Platforms.Build.0 = Release|Any CPU
		{4631EB9F-BE01-4453-8BFC-E3BE51783316}.Release|x86.ActiveCfg = Release|Any CPU
		{FA4ACE8B-CDEE-41A3-92D7-C73069B84B83}.Debug|Any CPU.ActiveCfg = Debug|Any CPU
		{FA4ACE8B-CDEE-41A3-92D7-C73069B84B83}.Debug|Any CPU.Build.0 = Debug|Any CPU
		{FA4ACE8B-CDEE-41A3-92D7-C73069B84B83}.Debug|Mixed Platforms.ActiveCfg = Debug|Any CPU
		{FA4ACE8B-CDEE-41A3-92D7-C73069B84B83}.Debug|Mixed Platforms.Build.0 = Debug|Any CPU
		{FA4ACE8B-CDEE-41A3-92D7-C73069B84B83}.Debug|x86.ActiveCfg = Debug|Any CPU
		{FA4ACE8B-CDEE-41A3-92D7-C73069B84B83}.Release|Any CPU.ActiveCfg = Release|Any CPU
		{FA4ACE8B-CDEE-41A3-92D7-C73069B84B83}.Release|Any CPU.Build.0 = Release|Any CPU
		{FA4ACE8B-CDEE-41A3-92D7-C73069B84B83}.Release|Mixed Platforms.ActiveCfg = Release|Any CPU
		{FA4ACE8B-CDEE-41A3-92D7-C73069B84B83}.Release|Mixed Platforms.Build.0 = Release|Any CPU
		{FA4ACE8B-CDEE-41A3-92D7-C73069B84B83}.Release|x86.ActiveCfg = Release|Any CPU
		{FA245447-5F23-4AA1-BD5F-8D2DDF33CFBD}.Debug|Any CPU.ActiveCfg = Debug|Any CPU
		{FA245447-5F23-4AA1-BD5F-8D2DDF33CFBD}.Debug|Any CPU.Build.0 = Debug|Any CPU
		{FA245447-5F23-4AA1-BD5F-8D2DDF33CFBD}.Debug|Mixed Platforms.ActiveCfg = Debug|Any CPU
		{FA245447-5F23-4AA1-BD5F-8D2DDF33CFBD}.Debug|Mixed Platforms.Build.0 = Debug|Any CPU
		{FA245447-5F23-4AA1-BD5F-8D2DDF33CFBD}.Debug|x86.ActiveCfg = Debug|Any CPU
		{FA245447-5F23-4AA1-BD5F-8D2DDF33CFBD}.Release|Any CPU.ActiveCfg = Release|Any CPU
		{FA245447-5F23-4AA1-BD5F-8D2DDF33CFBD}.Release|Any CPU.Build.0 = Release|Any CPU
		{FA245447-5F23-4AA1-BD5F-8D2DDF33CFBD}.Release|Mixed Platforms.ActiveCfg = Release|Any CPU
		{FA245447-5F23-4AA1-BD5F-8D2DDF33CFBD}.Release|Mixed Platforms.Build.0 = Release|Any CPU
		{FA245447-5F23-4AA1-BD5F-8D2DDF33CFBD}.Release|x86.ActiveCfg = Release|Any CPU
	EndGlobalSection
	GlobalSection(SolutionProperties) = preSolution
		HideSolutionNode = FALSE
	EndGlobalSection
EndGlobal
